
Microsoft Visual Studio Solution File, Format Version 12.00
# Visual Studio Express 2013 for Windows Desktop
VisualStudioVersion = 12.0.31101.0
MinimumVisualStudioVersion = 10.0.40219.1
Project("{FAE04EC0-301F-11D3-BF4B-00C04F79EFBC}") = "Grades", "Grades\Grades.csproj", "{3E552AF0-4A26-49B3-A81D-CB14822107CF}"
EndProject
Project("{FAE04EC0-301F-11D3-BF4B-00C04F79EFBC}") = "Grades.Tests", "Grades.Tests\Grades.Tests.csproj", "{BFE262DF-EDE5-4EFA-8CC1-236F8668C526}"
EndProject
Global
	GlobalSection(SolutionConfigurationPlatforms) = preSolution
		Debug|Any CPU = Debug|Any CPU
		Release|Any CPU = Release|Any CPU
	EndGlobalSection
	GlobalSection(ProjectConfigurationPlatforms) = postSolution
		{3E552AF0-4A26-49B3-A81D-CB14822107CF}.Debug|Any CPU.ActiveCfg = Debug|Any CPU
		{3E552AF0-4A26-49B3-A81D-CB14822107CF}.Debug|Any CPU.Build.0 = Debug|Any CPU
		{3E552AF0-4A26-49B3-A81D-CB14822107CF}.Release|Any CPU.ActiveCfg = Release|Any CPU
		{3E552AF0-4A26-49B3-A81D-CB14822107CF}.Release|Any CPU.Build.0 = Release|Any CPU
		{BFE262DF-EDE5-4EFA-8CC1-236F8668C526}.Debug|Any CPU.ActiveCfg = Debug|Any CPU
		{BFE262DF-EDE5-4EFA-8CC1-236F8668C526}.Debug|Any CPU.Build.0 = Debug|Any CPU
		{BFE262DF-EDE5-4EFA-8CC1-236F8668C526}.Release|Any CPU.ActiveCfg = Release|Any CPU
		{BFE262DF-EDE5-4EFA-8CC1-236F8668C526}.Release|Any CPU.Build.0 = Release|Any CPU
	EndGlobalSection
	GlobalSection(SolutionProperties) = preSolution
		HideSolutionNode = FALSE
	EndGlobalSection
EndGlobal
